
Microsoft Visual Studio Solution File, Format Version 12.00
# Visual Studio 2012
Project("{8BC9CEB8-8B4A-11D0-8D11-00A0C91BC942}") = "GDIDEMO12", "GDIDEMO12\GDIDEMO12.vcxproj", "{CDA6FCC5-E438-46EC-9609-1E4F286336A2}"
EndProject
Global
	GlobalSection(SolutionConfigurationPlatforms) = preSolution
		Debug|Win32 = Debug|Win32
		Release|Win32 = Release|Win32
	EndGlobalSection
	GlobalSection(ProjectConfigurationPlatforms) = postSolution
		{CDA6FCC5-E438-46EC-9609-1E4F286336A2}.Debug|Win32.ActiveCfg = Debug|Win32
		{CDA6FCC5-E438-46EC-9609-1E4F286336A2}.Debug|Win32.Build.0 = Debug|Win32
		{CDA6FCC5-E438-46EC-9609-1E4F286336A2}.Release|Win32.ActiveCfg = Release|Win32
		{CDA6FCC5-E438-46EC-9609-1E4F286336A2}.Release|Win32.Build.0 = Release|Win32
	EndGlobalSection
	GlobalSection(SolutionProperties) = preSolution
		HideSolutionNode = FALSE
	EndGlobalSection
EndGlobal
