
Microsoft Visual Studio Solution File, Format Version 12.00
# Visual Studio 2012
Project("{8BC9CEB8-8B4A-11D0-8D11-00A0C91BC942}") = "GDIDEMO8", "GDIDEMO8\GDIDEMO8.vcxproj", "{175D6AEC-299A-437F-A9E3-63E5514891AB}"
EndProject
Global
	GlobalSection(SolutionConfigurationPlatforms) = preSolution
		Debug|Win32 = Debug|Win32
		Release|Win32 = Release|Win32
	EndGlobalSection
	GlobalSection(ProjectConfigurationPlatforms) = postSolution
		{175D6AEC-299A-437F-A9E3-63E5514891AB}.Debug|Win32.ActiveCfg = Debug|Win32
		{175D6AEC-299A-437F-A9E3-63E5514891AB}.Debug|Win32.Build.0 = Debug|Win32
		{175D6AEC-299A-437F-A9E3-63E5514891AB}.Release|Win32.ActiveCfg = Release|Win32
		{175D6AEC-299A-437F-A9E3-63E5514891AB}.Release|Win32.Build.0 = Release|Win32
	EndGlobalSection
	GlobalSection(SolutionProperties) = preSolution
		HideSolutionNode = FALSE
	EndGlobalSection
EndGlobal
